{
  "name": "win-screen-resolution",
  "version": "3.0.2",
  "lockfileVersion": 3,
  "requires": true,
  "packages": {
    "": {
      "name": "win-screen-resolution",
      "version": "3.0.2",
      "funding": [
        {
          "type": "github",
          "url": "https://github.com/sponsors/xan105"
        },
        {
          "type": "paypal",
          "url": "https://www.paypal.me/xan105"
        },
        {
          "type": "patreon",
          "url": "https://www.patreon.com/xan105"
        }
      ],
      "hasInstallScript": true,
      "license": "MIT",
      "dependencies": {
        "@xan105/error": "^1.7.1",
        "@xan105/is": "^2.9.3",
        "node-gyp-load": "^1.1.1"
      },
      "devDependencies": {
        "@biomejs/biome": "^1.9.4",
        "@types/node": "^22.9.0",
        "@xan105/fs": "^2.2.1",
        "typescript": "^5.6.3"
      },
      "engines": {
        "node": ">=22.11.0",
        "npm": "^10.9.0"
      }
    },
    "node_modules/@biomejs/biome": {
      "version": "1.9.4",
      "resolved": "https://registry.npmjs.org/@biomejs/biome/-/biome-1.9.4.tgz",
      "integrity": "sha512-1rkd7G70+o9KkTn5KLmDYXihGoTaIGO9PIIN2ZB7UJxFrWw04CZHPYiMRjYsaDvVV7hP1dYNRLxSANLaBFGpog==",
      "dev": true,
      "hasInstallScript": true,
      "license": "MIT OR Apache-2.0",
      "bin": {
        "biome": "bin/biome"
      },
      "engines": {
        "node": ">=14.21.3"
      },
      "funding": {
        "type": "opencollective",
        "url": "https://opencollective.com/biome"
      },
      "optionalDependencies": {
        "@biomejs/cli-darwin-arm64": "1.9.4",
        "@biomejs/cli-darwin-x64": "1.9.4",
        "@biomejs/cli-linux-arm64": "1.9.4",
        "@biomejs/cli-linux-arm64-musl": "1.9.4",
        "@biomejs/cli-linux-x64": "1.9.4",
        "@biomejs/cli-linux-x64-musl": "1.9.4",
        "@biomejs/cli-win32-arm64": "1.9.4",
        "@biomejs/cli-win32-x64": "1.9.4"
      }
    },
    "node_modules/@biomejs/cli-darwin-arm64": {
      "version": "1.9.4",
      "resolved": "https://registry.npmjs.org/@biomejs/cli-darwin-arm64/-/cli-darwin-arm64-1.9.4.tgz",
      "integrity": "sha512-bFBsPWrNvkdKrNCYeAp+xo2HecOGPAy9WyNyB/jKnnedgzl4W4Hb9ZMzYNbf8dMCGmUdSavlYHiR01QaYR58cw==",
      "cpu": [
        "arm64"
      ],
      "dev": true,
      "license": "MIT OR Apache-2.0",
      "optional": true,
      "os": [
        "darwin"
      ],
      "engines": {
        "node": ">=14.21.3"
      }
    },
    "node_modules/@biomejs/cli-darwin-x64": {
      "version": "1.9.4",
      "resolved": "https://registry.npmjs.org/@biomejs/cli-darwin-x64/-/cli-darwin-x64-1.9.4.tgz",
      "integrity": "sha512-ngYBh/+bEedqkSevPVhLP4QfVPCpb+4BBe2p7Xs32dBgs7rh9nY2AIYUL6BgLw1JVXV8GlpKmb/hNiuIxfPfZg==",
      "cpu": [
        "x64"
      ],
      "dev": true,
      "license": "MIT OR Apache-2.0",
      "optional": true,
      "os": [
        "darwin"
      ],
      "engines": {
        "node": ">=14.21.3"
      }
    },
    "node_modules/@biomejs/cli-linux-arm64": {
      "version": "1.9.4",
      "resolved": "https://registry.npmjs.org/@biomejs/cli-linux-arm64/-/cli-linux-arm64-1.9.4.tgz",
      "integrity": "sha512-fJIW0+LYujdjUgJJuwesP4EjIBl/N/TcOX3IvIHJQNsAqvV2CHIogsmA94BPG6jZATS4Hi+xv4SkBBQSt1N4/g==",
      "cpu": [
        "arm64"
      ],
      "dev": true,
      "license": "MIT OR Apache-2.0",
      "optional": true,
      "os": [
        "linux"
      ],
      "engines": {
        "node": ">=14.21.3"
      }
    },
    "node_modules/@biomejs/cli-linux-arm64-musl": {
      "version": "1.9.4",
      "resolved": "https://registry.npmjs.org/@biomejs/cli-linux-arm64-musl/-/cli-linux-arm64-musl-1.9.4.tgz",
      "integrity": "sha512-v665Ct9WCRjGa8+kTr0CzApU0+XXtRgwmzIf1SeKSGAv+2scAlW6JR5PMFo6FzqqZ64Po79cKODKf3/AAmECqA==",
      "cpu": [
        "arm64"
      ],
      "dev": true,
      "license": "MIT OR Apache-2.0",
      "optional": true,
      "os": [
        "linux"
      ],
      "engines": {
        "node": ">=14.21.3"
      }
    },
    "node_modules/@biomejs/cli-linux-x64": {
      "version": "1.9.4",
      "resolved": "https://registry.npmjs.org/@biomejs/cli-linux-x64/-/cli-linux-x64-1.9.4.tgz",
      "integrity": "sha512-lRCJv/Vi3Vlwmbd6K+oQ0KhLHMAysN8lXoCI7XeHlxaajk06u7G+UsFSO01NAs5iYuWKmVZjmiOzJ0OJmGsMwg==",
      "cpu": [
        "x64"
      ],
      "dev": true,
      "license": "MIT OR Apache-2.0",
      "optional": true,
      "os": [
        "linux"
      ],
      "engines": {
        "node": ">=14.21.3"
      }
    },
    "node_modules/@biomejs/cli-linux-x64-musl": {
      "version": "1.9.4",
      "resolved": "https://registry.npmjs.org/@biomejs/cli-linux-x64-musl/-/cli-linux-x64-musl-1.9.4.tgz",
      "integrity": "sha512-gEhi/jSBhZ2m6wjV530Yy8+fNqG8PAinM3oV7CyO+6c3CEh16Eizm21uHVsyVBEB6RIM8JHIl6AGYCv6Q6Q9Tg==",
      "cpu": [
        "x64"
      ],
      "dev": true,
      "license": "MIT OR Apache-2.0",
      "optional": true,
      "os": [
        "linux"
      ],
      "engines": {
        "node": ">=14.21.3"
      }
    },
    "node_modules/@biomejs/cli-win32-arm64": {
      "version": "1.9.4",
      "resolved": "https://registry.npmjs.org/@biomejs/cli-win32-arm64/-/cli-win32-arm64-1.9.4.tgz",
      "integrity": "sha512-tlbhLk+WXZmgwoIKwHIHEBZUwxml7bRJgk0X2sPyNR3S93cdRq6XulAZRQJ17FYGGzWne0fgrXBKpl7l4M87Hg==",
      "cpu": [
        "arm64"
      ],
      "dev": true,
      "license": "MIT OR Apache-2.0",
      "optional": true,
      "os": [
        "win32"
      ],
      "engines": {
        "node": ">=14.21.3"
      }
    },
    "node_modules/@biomejs/cli-win32-x64": {
      "version": "1.9.4",
      "resolved": "https://registry.npmjs.org/@biomejs/cli-win32-x64/-/cli-win32-x64-1.9.4.tgz",
      "integrity": "sha512-8Y5wMhVIPaWe6jw2H+KlEm4wP/f7EW3810ZLmDlrEEy5KvBsb9ECEfu/kMWD484ijfQ8+nIi0giMgu9g1UAuuA==",
      "cpu": [
        "x64"
      ],
      "dev": true,
      "license": "MIT OR Apache-2.0",
      "optional": true,
      "os": [
        "win32"
      ],
      "engines": {
        "node": ">=14.21.3"
      }
    },
    "node_modules/@types/node": {
      "version": "22.9.0",
      "resolved": "https://registry.npmjs.org/@types/node/-/node-22.9.0.tgz",
      "integrity": "sha512-vuyHg81vvWA1Z1ELfvLko2c8f34gyA0zaic0+Rllc5lbCnbSyuvb2Oxpm6TAUAC/2xZN3QGqxBNggD1nNR2AfQ==",
      "dev": true,
      "license": "MIT",
      "dependencies": {
        "undici-types": "~6.19.8"
      }
    },
    "node_modules/@xan105/error": {
      "version": "1.7.1",
      "resolved": "https://registry.npmjs.org/@xan105/error/-/error-1.7.1.tgz",
      "integrity": "sha512-FYIUYijbmg62L9QQ5BsR14DuZatAJJvwo10yzuEDEsu8L0FAa4DZivWFAf66nYjEiSz50SFGtMxWSyG+y/ZGGw==",
      "funding": [
        {
          "type": "github",
          "url": "https://github.com/sponsors/xan105"
        },
        {
          "type": "paypal",
          "url": "https://www.paypal.me/xan105"
        },
        {
          "type": "patreon",
          "url": "https://www.patreon.com/xan105"
        }
      ],
      "engines": {
        "node": ">=20.11.0"
      }
    },
    "node_modules/@xan105/fs": {
      "version": "2.2.1",
      "resolved": "https://registry.npmjs.org/@xan105/fs/-/fs-2.2.1.tgz",
      "integrity": "sha512-jYvheYkJ1F6XfUYSfCIgdfgx/yWiW5uitXhydEceirICNMRubboNQM1LUB5+ZDmKq4hCNyjqxv4TPeARMcOepQ==",
      "funding": [
        {
          "type": "github",
          "url": "https://github.com/sponsors/xan105"
        },
        {
          "type": "paypal",
          "url": "https://www.paypal.me/xan105"
        },
        {
          "type": "patreon",
          "url": "https://www.patreon.com/xan105"
        }
      ],
      "dependencies": {
        "@xan105/error": "^1.6.2",
        "@xan105/is": "^2.9.3"
      },
      "engines": {
        "node": ">=16.0.0"
      }
    },
    "node_modules/@xan105/is": {
      "version": "2.9.3",
      "resolved": "https://registry.npmjs.org/@xan105/is/-/is-2.9.3.tgz",
      "integrity": "sha512-1Ivr52VENqksdcvhar+rv+kTSsDWFBPyScpMIJibZJMzSOyiGmu25bJOwiSVl0x2hFJcQW2FFUURUqYyxe9X1g==",
      "funding": [
        {
          "type": "github",
          "url": "https://github.com/sponsors/xan105"
        },
        {
          "type": "paypal",
          "url": "https://www.paypal.me/xan105"
        },
        {
          "type": "patreon",
          "url": "https://www.patreon.com/xan105"
        }
      ],
      "dependencies": {
        "@xan105/error": "^1.6.2"
      },
      "engines": {
        "node": ">=16.0.0"
      }
    },
    "node_modules/node-addon-api": {
      "version": "8.0.0",
      "resolved": "https://registry.npmjs.org/node-addon-api/-/node-addon-api-8.0.0.tgz",
      "integrity": "sha512-ipO7rsHEBqa9STO5C5T10fj732ml+5kLN1cAG8/jdHd56ldQeGj3Q7+scUS+VHK/qy1zLEwC4wMK5+yM0btPvw==",
      "engines": {
        "node": "^18 || ^20 || >= 21"
      }
    },
    "node_modules/node-gyp-load": {
      "version": "1.1.1",
      "resolved": "https://registry.npmjs.org/node-gyp-load/-/node-gyp-load-1.1.1.tgz",
      "integrity": "sha512-9QgrI1g75fKZQXDlDWlzFgldLio5NvtgQQxEtilO9CjL5mMDt25tbPbGk4IvD6bI/bY9LK5fx5URlrx/cceegw==",
      "funding": [
        {
          "type": "github",
          "url": "https://github.com/sponsors/xan105"
        },
        {
          "type": "paypal",
          "url": "https://www.paypal.me/xan105"
        },
        {
          "type": "patreon",
          "url": "https://www.patreon.com/xan105"
        }
      ],
      "dependencies": {
        "@xan105/error": "^1.7.1",
        "@xan105/fs": "^2.2.1",
        "@xan105/is": "^2.9.3",
        "node-addon-api": "^8.0.0"
      },
      "bin": {
        "node-gyp-load": "lib/preload.js"
      },
      "engines": {
        "node": ">=20.12.2",
        "npm": "^10.5.0"
      },
      "peerDependencies": {
        "node-gyp": ">=10.1.0"
      },
      "peerDependenciesMeta": {
        "node-gyp": {
          "optional": true
        }
      }
    },
    "node_modules/typescript": {
      "version": "5.6.3",
      "resolved": "https://registry.npmjs.org/typescript/-/typescript-5.6.3.tgz",
      "integrity": "sha512-hjcS1mhfuyi4WW8IWtjP7brDrG2cuDZukyrYrSauoXGNgx0S7zceP07adYkJycEr56BOUTNPzbInooiN3fn1qw==",
      "dev": true,
      "license": "Apache-2.0",
      "bin": {
        "tsc": "bin/tsc",
        "tsserver": "bin/tsserver"
      },
      "engines": {
        "node": ">=14.17"
      }
    },
    "node_modules/undici-types": {
      "version": "6.19.8",
      "resolved": "https://registry.npmjs.org/undici-types/-/undici-types-6.19.8.tgz",
      "integrity": "sha512-ve2KP6f/JnbPBFyobGHuerC9g1FYGn/F8n1LWTwNxCEzd6IfqTwUQcNXgEtmmQ6DlRrC1hrSrBnCZPokRrDHjw==",
      "dev": true,
      "license": "MIT"
    }
  }
}
